
Microsoft Visual Studio Solution File, Format Version 12.00
# Visual Studio Version 17
VisualStudioVersion = 17.9.34701.34
MinimumVisualStudioVersion = 10.0.40219.1
Project("{FAE04EC0-301F-11D3-BF4B-00C04F79EFBC}") = "Client", "Client\Client.csproj", "{8AB8C84C-9375-425E-920E-2F11AF2B80B1}"
EndProject
Project("{FAE04EC0-301F-11D3-BF4B-00C04F79EFBC}") = "Client.Domain", "Client.Domain\Client.Domain.csproj", "{61610700-DE47-4FB6-9DE5-B8112E60E97A}"
EndProject
Project("{FAE04EC0-301F-11D3-BF4B-00C04F79EFBC}") = "Client.Persistence", "Client.Persistence\Client.Persistence.csproj", "{E230F403-64AE-4A18-8BC0-3E182636D583}"
	ProjectSection(ProjectDependencies) = postProject
		{61610700-DE47-4FB6-9DE5-B8112E60E97A} = {61610700-DE47-4FB6-9DE5-B8112E60E97A}
	EndProjectSection
EndProject
Global
	GlobalSection(SolutionConfigurationPlatforms) = preSolution
		Debug|Any CPU = Debug|Any CPU
		Release|Any CPU = Release|Any CPU
	EndGlobalSection
	GlobalSection(ProjectConfigurationPlatforms) = postSolution
		{8AB8C84C-9375-425E-920E-2F11AF2B80B1}.Debug|Any CPU.ActiveCfg = Debug|Any CPU
		{8AB8C84C-9375-425E-920E-2F11AF2B80B1}.Debug|Any CPU.Build.0 = Debug|Any CPU
		{8AB8C84C-9375-425E-920E-2F11AF2B80B1}.Debug|Any CPU.Deploy.0 = Debug|Any CPU
		{8AB8C84C-9375-425E-920E-2F11AF2B80B1}.Release|Any CPU.ActiveCfg = Release|Any CPU
		{8AB8C84C-9375-425E-920E-2F11AF2B80B1}.Release|Any CPU.Build.0 = Release|Any CPU
		{8AB8C84C-9375-425E-920E-2F11AF2B80B1}.Release|Any CPU.Deploy.0 = Release|Any CPU
		{61610700-DE47-4FB6-9DE5-B8112E60E97A}.Debug|Any CPU.ActiveCfg = Debug|Any CPU
		{61610700-DE47-4FB6-9DE5-B8112E60E97A}.Debug|Any CPU.Build.0 = Debug|Any CPU
		{61610700-DE47-4FB6-9DE5-B8112E60E97A}.Release|Any CPU.ActiveCfg = Release|Any CPU
		{61610700-DE47-4FB6-9DE5-B8112E60E97A}.Release|Any CPU.Build.0 = Release|Any CPU
		{E230F403-64AE-4A18-8BC0-3E182636D583}.Debug|Any CPU.ActiveCfg = Debug|Any CPU
		{E230F403-64AE-4A18-8BC0-3E182636D583}.Debug|Any CPU.Build.0 = Debug|Any CPU
		{E230F403-64AE-4A18-8BC0-3E182636D583}.Release|Any CPU.ActiveCfg = Release|Any CPU
		{E230F403-64AE-4A18-8BC0-3E182636D583}.Release|Any CPU.Build.0 = Release|Any CPU
	EndGlobalSection
	GlobalSection(SolutionProperties) = preSolution
		HideSolutionNode = FALSE
	EndGlobalSection
	GlobalSection(ExtensibilityGlobals) = postSolution
		SolutionGuid = {C27D0F98-7969-412F-A2DF-881A41DC1EAD}
	EndGlobalSection
EndGlobal
